
Microsoft Visual Studio Solution File, Format Version 12.00
# Visual Studio Version 17
VisualStudioVersion = 17.7.34018.315
MinimumVisualStudioVersion = 10.0.40219.1
Project("{FAE04EC0-301F-11D3-BF4B-00C04F79EFBC}") = "ProyectoIntegradorSoftteck", "ProyectoIntegradorSoftteck\ProyectoIntegradorSoftteck.csproj", "{222EA583-AFC0-4BDB-8B72-5A4B35187BBC}"
EndProject
Global
	GlobalSection(SolutionConfigurationPlatforms) = preSolution
		Debug|Any CPU = Debug|Any CPU
		Release|Any CPU = Release|Any CPU
	EndGlobalSection
	GlobalSection(ProjectConfigurationPlatforms) = postSolution
		{222EA583-AFC0-4BDB-8B72-5A4B35187BBC}.Debug|Any CPU.ActiveCfg = Debug|Any CPU
		{222EA583-AFC0-4BDB-8B72-5A4B35187BBC}.Debug|Any CPU.Build.0 = Debug|Any CPU
		{222EA583-AFC0-4BDB-8B72-5A4B35187BBC}.Release|Any CPU.ActiveCfg = Release|Any CPU
		{222EA583-AFC0-4BDB-8B72-5A4B35187BBC}.Release|Any CPU.Build.0 = Release|Any CPU
	EndGlobalSection
	GlobalSection(SolutionProperties) = preSolution
		HideSolutionNode = FALSE
	EndGlobalSection
	GlobalSection(ExtensibilityGlobals) = postSolution
		SolutionGuid = {84E2D8E3-040F-4940-B2AE-2CBF1E49E872}
	EndGlobalSection
EndGlobal
